
Microsoft Visual Studio Solution File, Format Version 12.00
# Visual Studio Version 16
VisualStudioVersion = 16.0.31702.278
MinimumVisualStudioVersion = 10.0.40219.1
Project("{FAE04EC0-301F-11D3-BF4B-00C04F79EFBC}") = "Client", "Client\Client.csproj", "{9DB1FA10-7DD7-4A3F-B423-8BD6F72BEF8E}"
EndProject
Project("{FAE04EC0-301F-11D3-BF4B-00C04F79EFBC}") = "MQ7GIA_HFT_2021221 Models", "MQ7GIA_HFT_2021221 Models\MQ7GIA_HFT_2021221 Models.csproj", "{8B799A44-68B7-474B-9006-DA68DB74612F}"
EndProject
Project("{FAE04EC0-301F-11D3-BF4B-00C04F79EFBC}") = "MQ7GIA_HFT_2021221 Data", "MQ7GIA_HFT_2021221 Data\MQ7GIA_HFT_2021221 Data.csproj", "{BB19CC7F-39DA-4DE0-BEA3-C40BF09DA9B1}"
EndProject
Project("{FAE04EC0-301F-11D3-BF4B-00C04F79EFBC}") = "MQ7GIA_HFT_2021221 Logic", "MQ7GIA_HFT_2021221 Logic\MQ7GIA_HFT_2021221 Logic.csproj", "{0F5A0C76-1861-41DB-BE2F-665F173EBF5E}"
EndProject
Project("{FAE04EC0-301F-11D3-BF4B-00C04F79EFBC}") = "MQ7GIA_HFT_2021221 Repository", "MQ7GIA_HFT_2021221 Repository\MQ7GIA_HFT_2021221 Repository.csproj", "{2A2D7DD0-36E0-4DE8-996A-B3C32EB3B4D0}"
EndProject
Project("{FAE04EC0-301F-11D3-BF4B-00C04F79EFBC}") = "MQ7GIA_HFT_2021221 Endpoint", "MQ7GIA_HFT_2021221 Endpoint\MQ7GIA_HFT_2021221 Endpoint.csproj", "{14BD6282-A78D-4119-9ABB-0090B703AFCF}"
EndProject
Project("{FAE04EC0-301F-11D3-BF4B-00C04F79EFBC}") = "MQ7GIA_HFT_2021221 Test", "MQ7GIA_HFT_2021221 Test\MQ7GIA_HFT_2021221 Test.csproj", "{D9C46540-8752-474E-AC74-8E476761118A}"
EndProject
Project("{2150E333-8FDC-42A3-9474-1A3956D46DE8}") = "Backend", "Backend", "{F546EB79-2A07-4FE6-AADD-12E49292E762}"
EndProject
Project("{2150E333-8FDC-42A3-9474-1A3956D46DE8}") = "Frontend", "Frontend", "{3686EA59-1B56-4941-9137-A08D24783A44}"
EndProject
Project("{2150E333-8FDC-42A3-9474-1A3956D46DE8}") = "Shared", "Shared", "{AFF158CE-20D2-4FE2-94E3-FF819706CC93}"
EndProject
Global
	GlobalSection(SolutionConfigurationPlatforms) = preSolution
		Debug|Any CPU = Debug|Any CPU
		Release|Any CPU = Release|Any CPU
	EndGlobalSection
	GlobalSection(ProjectConfigurationPlatforms) = postSolution
		{9DB1FA10-7DD7-4A3F-B423-8BD6F72BEF8E}.Debug|Any CPU.ActiveCfg = Debug|Any CPU
		{9DB1FA10-7DD7-4A3F-B423-8BD6F72BEF8E}.Debug|Any CPU.Build.0 = Debug|Any CPU
		{9DB1FA10-7DD7-4A3F-B423-8BD6F72BEF8E}.Release|Any CPU.ActiveCfg = Release|Any CPU
		{9DB1FA10-7DD7-4A3F-B423-8BD6F72BEF8E}.Release|Any CPU.Build.0 = Release|Any CPU
		{8B799A44-68B7-474B-9006-DA68DB74612F}.Debug|Any CPU.ActiveCfg = Debug|Any CPU
		{8B799A44-68B7-474B-9006-DA68DB74612F}.Debug|Any CPU.Build.0 = Debug|Any CPU
		{8B799A44-68B7-474B-9006-DA68DB74612F}.Release|Any CPU.ActiveCfg = Release|Any CPU
		{8B799A44-68B7-474B-9006-DA68DB74612F}.Release|Any CPU.Build.0 = Release|Any CPU
		{BB19CC7F-39DA-4DE0-BEA3-C40BF09DA9B1}.Debug|Any CPU.ActiveCfg = Debug|Any CPU
		{BB19CC7F-39DA-4DE0-BEA3-C40BF09DA9B1}.Debug|Any CPU.Build.0 = Debug|Any CPU
		{BB19CC7F-39DA-4DE0-BEA3-C40BF09DA9B1}.Release|Any CPU.ActiveCfg = Release|Any CPU
		{BB19CC7F-39DA-4DE0-BEA3-C40BF09DA9B1}.Release|Any CPU.Build.0 = Release|Any CPU
		{0F5A0C76-1861-41DB-BE2F-665F173EBF5E}.Debug|Any CPU.ActiveCfg = Debug|Any CPU
		{0F5A0C76-1861-41DB-BE2F-665F173EBF5E}.Debug|Any CPU.Build.0 = Debug|Any CPU
		{0F5A0C76-1861-41DB-BE2F-665F173EBF5E}.Release|Any CPU.ActiveCfg = Release|Any CPU
		{0F5A0C76-1861-41DB-BE2F-665F173EBF5E}.Release|Any CPU.Build.0 = Release|Any CPU
		{2A2D7DD0-36E0-4DE8-996A-B3C32EB3B4D0}.Debug|Any CPU.ActiveCfg = Debug|Any CPU
		{2A2D7DD0-36E0-4DE8-996A-B3C32EB3B4D0}.Debug|Any CPU.Build.0 = Debug|Any CPU
		{2A2D7DD0-36E0-4DE8-996A-B3C32EB3B4D0}.Release|Any CPU.ActiveCfg = Release|Any CPU
		{2A2D7DD0-36E0-4DE8-996A-B3C32EB3B4D0}.Release|Any CPU.Build.0 = Release|Any CPU
		{14BD6282-A78D-4119-9ABB-0090B703AFCF}.Debug|Any CPU.ActiveCfg = Debug|Any CPU
		{14BD6282-A78D-4119-9ABB-0090B703AFCF}.Debug|Any CPU.Build.0 = Debug|Any CPU
		{14BD6282-A78D-4119-9ABB-0090B703AFCF}.Release|Any CPU.ActiveCfg = Release|Any CPU
		{14BD6282-A78D-4119-9ABB-0090B703AFCF}.Release|Any CPU.Build.0 = Release|Any CPU
		{D9C46540-8752-474E-AC74-8E476761118A}.Debug|Any CPU.ActiveCfg = Debug|Any CPU
		{D9C46540-8752-474E-AC74-8E476761118A}.Debug|Any CPU.Build.0 = Debug|Any CPU
		{D9C46540-8752-474E-AC74-8E476761118A}.Release|Any CPU.ActiveCfg = Release|Any CPU
		{D9C46540-8752-474E-AC74-8E476761118A}.Release|Any CPU.Build.0 = Release|Any CPU
	EndGlobalSection
	GlobalSection(SolutionProperties) = preSolution
		HideSolutionNode = FALSE
	EndGlobalSection
	GlobalSection(NestedProjects) = preSolution
		{9DB1FA10-7DD7-4A3F-B423-8BD6F72BEF8E} = {3686EA59-1B56-4941-9137-A08D24783A44}
		{8B799A44-68B7-474B-9006-DA68DB74612F} = {AFF158CE-20D2-4FE2-94E3-FF819706CC93}
		{BB19CC7F-39DA-4DE0-BEA3-C40BF09DA9B1} = {F546EB79-2A07-4FE6-AADD-12E49292E762}
		{0F5A0C76-1861-41DB-BE2F-665F173EBF5E} = {F546EB79-2A07-4FE6-AADD-12E49292E762}
		{2A2D7DD0-36E0-4DE8-996A-B3C32EB3B4D0} = {F546EB79-2A07-4FE6-AADD-12E49292E762}
		{14BD6282-A78D-4119-9ABB-0090B703AFCF} = {F546EB79-2A07-4FE6-AADD-12E49292E762}
		{D9C46540-8752-474E-AC74-8E476761118A} = {F546EB79-2A07-4FE6-AADD-12E49292E762}
	EndGlobalSection
	GlobalSection(ExtensibilityGlobals) = postSolution
		SolutionGuid = {456D1C84-EF74-4C7F-9A22-70E37F95A71A}
	EndGlobalSection
EndGlobal
